// !$*UTF8*$!
{
	archiveVersion = 1;
	classes = {
	};
	objectVersion = 46;
	objects = {

/* Begin PBXBuildFile section */
		D65AB3081D6ECADD00BFBEC0 /* AppDelegate.swift in Sources */ = {isa = PBXBuildFile; fileRef = D65AB3071D6ECADD00BFBEC0 /* AppDelegate.swift */; };
		D65AB30A1D6ECADD00BFBEC0 /* ViewController.swift in Sources */ = {isa = PBXBuildFile; fileRef = D65AB3091D6ECADD00BFBEC0 /* ViewController.swift */; };
		D65AB30D1D6ECADD00BFBEC0 /* Main.storyboard in Resources */ = {isa = PBXBuildFile; fileRef = D65AB30B1D6ECADD00BFBEC0 /* Main.storyboard */; };
		D65AB30F1D6ECADD00BFBEC0 /* Assets.xcassets in Resources */ = {isa = PBXBuildFile; fileRef = D65AB30E1D6ECADD00BFBEC0 /* Assets.xcassets */; };
		D65AB3121D6ECADD00BFBEC0 /* LaunchScreen.storyboard in Resources */ = {isa = PBXBuildFile; fileRef = D65AB3101D6ECADD00BFBEC0 /* LaunchScreen.storyboard */; };
/* End PBXBuildFile section */

/* Begin PBXFileReference section */
		D65AB3041D6ECADD00BFBEC0 /* AppStore.app */ = {isa = PBXFileReference; explicitFileType = wrapper.application; includeInIndex = 0; path = AppStore.app; sourceTree = BUILT_PRODUCTS_DIR; };
		D65AB3071D6ECADD00BFBEC0 /* AppDelegate.swift */ = {isa = PBXFileReference; lastKnownFileType = sourcecode.swift; path = AppDelegate.swift; sourceTree = "<group>"; };
		D65AB3091D6ECADD00BFBEC0 /* ViewController.swift */ = {isa = PBXFileReference; lastKnownFileType = sourcecode.swift; path = ViewController.swift; sourceTree = "<group>"; };
		D65AB30C1D6ECADD00BFBEC0 /* Base */ = {isa = PBXFileReference; lastKnownFileType = file.storyboard; name = Base; path = Base.lproj/Main.storyboard; sourceTree = "<group>"; };
		D65AB30E1D6ECADD00BFBEC0 /* Assets.xcassets */ = {isa = PBXFileReference; lastKnownFileType = folder.assetcatalog; path = Assets.xcassets; sourceTree = "<group>"; };
		D65AB3111D6ECADD00BFBEC0 /* Base */ = {isa = PBXFileReference; lastKnownFileType = file.storyboard; name = Base; path = Base.lproj/LaunchScreen.storyboard; sourceTree = "<group>"; };
		D65AB3131D6ECADD00BFBEC0 /* Info.plist */ = {isa = PBXFileReference; lastKnownFileType = text.plist.xml; path = Info.plist; sourceTree = "<group>"; };
/* End PBXFileReference section */

/* Begin PBXFrameworksBuildPhase section */
		D65AB3011D6ECADD00BFBEC0 /* Frameworks */ = {
			isa = PBXFrameworksBuildPhase;
			buildActionMask = 2147483647;
			files = (
			);
			runOnlyForDeploymentPostprocessing = 0;
		};
/* End PBXFrameworksBuildPhase section */

/* Begin PBXGroup section */
		D65AB2FB1D6ECADD00BFBEC0 = {
			isa = PBXGroup;
			children = (
				D65AB3061D6ECADD00BFBEC0 /* AppStore */,
				D65AB3051D6ECADD00BFBEC0 /* Products */,
			);
			sourceTree = "<group>";
		};
		D65AB3051D6ECADD00BFBEC0 /* Products */ = {
			isa = PBXGroup;
			children = (
				D65AB3041D6ECADD00BFBEC0 /* AppStore.app */,
			);
			name = Products;
			sourceTree = "<group>";
		};
		D65AB3061D6ECADD00BFBEC0 /* AppStore */ = {
			isa = PBXGroup;
			children = (
				D65AB3071D6ECADD00BFBEC0 /* AppDelegate.swift */,
				D65AB3091D6ECADD00BFBEC0 /* ViewController.swift */,
				D65AB30B1D6ECADD00BFBEC0 /* Main.storyboard */,
				D65AB30E1D6ECADD00BFBEC0 /* Assets.xcassets */,
				D65AB3101D6ECADD00BFBEC0 /* LaunchScreen.storyboard */,
				D65AB3131D6ECADD00BFBEC0 /* Info.plist */,
			);
			path = AppStore;
			sourceTree = "<group>";
		};
/* End PBXGroup section */

/* Begin PBXNativeTarget section */
		D65AB3031D6ECADD00BFBEC0 /* AppStore */ = {
			isa = PBXNativeTarget;
			buildConfigurationList = D65AB3161D6ECADD00BFBEC0 /* Build configuration list for PBXNativeTarget "AppStore" */;
			buildPhases = (
				D65AB3001D6ECADD00BFBEC0 /* Sources */,
				D65AB3011D6ECADD00BFBEC0 /* Frameworks */,
				D65AB3021D6ECADD00BFBEC0 /* Resources */,
			);
			buildRules = (
			);
			dependencies = (
			);
			name = AppStore;
			productName = AppStore;
			productReference = D65AB3041D6ECADD00BFBEC0 /* AppStore.app */;
			productType = "com.apple.product-type.application";
		};
/* End PBXNativeTarget section */

/* Begin PBXProject section */
		D65AB2FC1D6ECADD00BFBEC0 /* Project object */ = {
			isa = PBXProject;
			attributes = {
				LastSwiftUpdateCheck = 0730;
				LastUpgradeCheck = 0730;
				ORGANIZATIONNAME = Extrainteger;
				TargetAttributes = {
					D65AB3031D6ECADD00BFBEC0 = {
						CreatedOnToolsVersion = 7.3.1;
					};
				};
			};
			buildConfigurationList = D65AB2FF1D6ECADD00BFBEC0 /* Build configuration list for PBXProject "AppStore" */;
			compatibilityVersion = "Xcode 3.2";
			developmentRegion = English;
			hasScannedForEncodings = 0;
			knownRegions = (
				en,
				Base,
			);
			mainGroup = D65AB2FB1D6ECADD00BFBEC0;
			productRefGroup = D65AB3051D6ECADD00BFBEC0 /* Products */;
			projectDirPath = "";
			projectRoot = "";
			targets = (
				D65AB3031D6ECADD00BFBEC0 /* AppStore */,
			);
		};
/* End PBXProject section */

/* Begin PBXResourcesBuildPhase section */
		D65AB3021D6ECADD00BFBEC0 /* Resources */ = {
			isa = PBXResourcesBuildPhase;
			buildActionMask = 2147483647;
			files = (
				D65AB3121D6ECADD00BFBEC0 /* LaunchScreen.storyboard in Resources */,
				D65AB30F1D6ECADD00BFBEC0 /* Assets.xcassets in Resources */,
				D65AB30D1D6ECADD00BFBEC0 /* Main.storyboard in Resources */,
			);
			runOnlyForDeploymentPostprocessing = 0;
		};
/* End PBXResourcesBuildPhase section */

/* Begin PBXSourcesBuildPhase section */
		D65AB3001D6ECADD00BFBEC0 /* Sources */ = {
			isa = PBXSourcesBuildPhase;
			buildActionMask = 2147483647;
			files = (
				D65AB30A1D6ECADD00BFBEC0 /* ViewController.swift in Sources */,
				D65AB3081D6ECADD00BFBEC0 /* AppDelegate.swift in Sources */,
			);
			runOnlyForDeploymentPostprocessing = 0;
		};
/* End PBXSourcesBuildPhase section */

/* Begin PBXVariantGroup section */
		D65AB30B1D6ECADD00BFBEC0 /* Main.storyboard */ = {
			isa = PBXVariantGroup;
			children = (
				D65AB30C1D6ECADD00BFBEC0 /* Base */,
			);
			name = Main.storyboard;
			sourceTree = "<group>";
		};
		D65AB3101D6ECADD00BFBEC0 /* LaunchScreen.storyboard */ = {
			isa = PBXVariantGroup;
			children = (
				D65AB3111D6ECADD00BFBEC0 /* Base */,
			);
			name = LaunchScreen.storyboard;
			sourceTree = "<group>";
		};
/* End PBXVariantGroup section */

/* Begin XCBuildConfiguration section */
		D65AB3141D6ECADD00BFBEC0 /* Debug */ = {
			isa = XCBuildConfiguration;
			buildSettings = {
				ALWAYS_SEARCH_USER_PATHS = NO;
				CLANG_ANALYZER_NONNULL = YES;
				CLANG_CXX_LANGUAGE_STANDARD = "gnu++0x";
				CLANG_CXX_LIBRARY = "libc++";
				CLANG_ENABLE_MODULES = YES;
				CLANG_ENABLE_OBJC_ARC = YES;
				CLANG_WARN_BOOL_CONVERSION = YES;
				CLANG_WARN_CONSTANT_CONVERSION = YES;
				CLANG_WARN_DIRECT_OBJC_ISA_USAGE = YES_ERROR;
				CLANG_WARN_EMPTY_BODY = YES;
				CLANG_WARN_ENUM_CONVERSION = YES;
				CLANG_WARN_INT_CONVERSION = YES;
				CLANG_WARN_OBJC_ROOT_CLASS = YES_ERROR;
				CLANG_WARN_UNREACHABLE_CODE = YES;
				CLANG_WARN__DUPLICATE_METHOD_MATCH = YES;
				"CODE_SIGN_IDENTITY[sdk=iphoneos*]" = "iPhone Developer";
				COPY_PHASE_STRIP = NO;
				DEBUG_INFORMATION_FORMAT = dwarf;
				ENABLE_STRICT_OBJC_MSGSEND = YES;
				ENABLE_TESTABILITY = YES;
				GCC_C_LANGUAGE_STANDARD = gnu99;
				GCC_DYNAMIC_NO_PIC = NO;
				GCC_NO_COMMON_BLOCKS = YES;
				GCC_OPTIMIZATION_LEVEL = 0;
				GCC_PREPROCESSOR_DEFINITIONS = (
					"DEBUG=1",
					"$(inherited)",
				);
				GCC_WARN_64_TO_32_BIT_CONVERSION = YES;
				GCC_WARN_ABOUT_RETURN_TYPE = YES_ERROR;
				GCC_WARN_UNDECLARED_SELECTOR = YES;
				GCC_WARN_UNINITIALIZED_AUTOS = YES_AGGRESSIVE;
				GCC_WARN_UNUSED_FUNCTION = YES;
				GCC_WARN_UNUSED_VARIABLE = YES;
				IPHONEOS_DEPLOYMENT_TARGET = 9.3;
				MTL_ENABLE_DEBUG_INFO = YES;
				ONLY_ACTIVE_ARCH = YES;
				SDKROOT = iphoneos;
				SWIFT_OPTIMIZATION_LEVEL = "-Onone";
			};
			name = Debug;
		};
		D65AB3151D6ECADD00BFBEC0 /* Release */ = {
			isa = XCBuildConfiguration;
			buildSettings = {
				ALWAYS_SEARCH_USER_PATHS = NO;
				CLANG_ANALYZER_NONNULL = YES;
				CLANG_CXX_LANGUAGE_STANDARD = "gnu++0x";
				CLANG_CXX_LIBRARY = "libc++";
				CLANG_ENABLE_MODULES = YES;
				CLANG_ENABLE_OBJC_ARC = YES;
				CLANG_WARN_BOOL_CONVERSION = YES;
				CLANG_WARN_CONSTANT_CONVERSION = YES;
				CLANG_WARN_DIRECT_OBJC_ISA_USAGE = YES_ERROR;
				CLANG_WARN_EMPTY_BODY = YES;
				CLANG_WARN_ENUM_CONVERSION = YES;
				CLANG_WARN_INT_CONVERSION = YES;
				CLANG_WARN_OBJC_ROOT_CLASS = YES_ERROR;
				CLANG_WARN_UNREACHABLE_CODE = YES;
				CLANG_WARN__DUPLICATE_METHOD_MATCH = YES;
				"CODE_SIGN_IDENTITY[sdk=iphoneos*]" = "iPhone Developer";
				COPY_PHASE_STRIP = NO;
				DEBUG_INFORMATION_FORMAT = "dwarf-with-dsym";
				ENABLE_NS_ASSERTIONS = NO;
				ENABLE_STRICT_OBJC_MSGSEND = YES;
				GCC_C_LANGUAGE_STANDARD = gnu99;
				GCC_NO_COMMON_BLOCKS = YES;
				GCC_WARN_64_TO_32_BIT_CONVERSION = YES;
				GCC_WARN_ABOUT_RETURN_TYPE = YES_ERROR;
				GCC_WARN_UNDECLARED_SELECTOR = YES;
				GCC_WARN_UNINITIALIZED_AUTOS = YES_AGGRESSIVE;
				GCC_WARN_UNUSED_FUNCTION = YES;
				GCC_WARN_UNUSED_VARIABLE = YES;
				IPHONEOS_DEPLOYMENT_TARGET = 9.3;
				MTL_ENABLE_DEBUG_INFO = NO;
				SDKROOT = iphoneos;
				VALIDATE_PRODUCT = YES;
			};
			name = Release;
		};
		D65AB3171D6ECADD00BFBEC0 /* Debug */ = {
			isa = XCBuildConfiguration;
			buildSettings = {
				ASSETCATALOG_COMPILER_APPICON_NAME = AppIcon;
				INFOPLIST_FILE = AppStore/Info.plist;
				LD_RUNPATH_SEARCH_PATHS = "$(inherited) @executable_path/Frameworks";
				PRODUCT_BUNDLE_IDENTIFIER = com.extainteger.AppStore;
				PRODUCT_NAME = "$(TARGET_NAME)";
			};
			name = Debug;
		};
		D65AB3181D6ECADD00BFBEC0 /* Release */ = {
			isa = XCBuildConfiguration;
			buildSettings = {
				ASSETCATALOG_COMPILER_APPICON_NAME = AppIcon;
				INFOPLIST_FILE = AppStore/Info.plist;
				LD_RUNPATH_SEARCH_PATHS = "$(inherited) @executable_path/Frameworks";
				PRODUCT_BUNDLE_IDENTIFIER = com.extainteger.AppStore;
				PRODUCT_NAME = "$(TARGET_NAME)";
			};
			name = Release;
		};
/* End XCBuildConfiguration section */

/* Begin XCConfigurationList section */
		D65AB2FF1D6ECADD00BFBEC0 /* Build configuration list for PBXProject "AppStore" */ = {
			isa = XCConfigurationList;
			buildConfigurations = (
				D65AB3141D6ECADD00BFBEC0 /* Debug */,
				D65AB3151D6ECADD00BFBEC0 /* Release */,
			);
			defaultConfigurationIsVisible = 0;
			defaultConfigurationName = Release;
		};
		D65AB3161D6ECADD00BFBEC0 /* Build configuration list for PBXNativeTarget "AppStore" */ = {
			isa = XCConfigurationList;
			buildConfigurations = (
				D65AB3171D6ECADD00BFBEC0 /* Debug */,
				D65AB3181D6ECADD00BFBEC0 /* Release */,
			);
			defaultConfigurationIsVisible = 0;
		};
/* End XCConfigurationList section */
	};
	rootObject = D65AB2FC1D6ECADD00BFBEC0 /* Project object */;
}
